
Microsoft Visual Studio Solution File, Format Version 12.00
# Visual Studio 15
VisualStudioVersion = 15.0.28307.168
MinimumVisualStudioVersion = 10.0.40219.1
Project("{FAE04EC0-301F-11D3-BF4B-00C04F79EFBC}") = "Num1to30", "Num1to30\Num1to30.csproj", "{7F442F2E-4077-4417-8E97-9253BE9C31D5}"
EndProject
Global
	GlobalSection(SolutionConfigurationPlatforms) = preSolution
		Debug|Any CPU = Debug|Any CPU
		Release|Any CPU = Release|Any CPU
	EndGlobalSection
	GlobalSection(ProjectConfigurationPlatforms) = postSolution
		{7F442F2E-4077-4417-8E97-9253BE9C31D5}.Debug|Any CPU.ActiveCfg = Debug|Any CPU
		{7F442F2E-4077-4417-8E97-9253BE9C31D5}.Debug|Any CPU.Build.0 = Debug|Any CPU
		{7F442F2E-4077-4417-8E97-9253BE9C31D5}.Release|Any CPU.ActiveCfg = Release|Any CPU
		{7F442F2E-4077-4417-8E97-9253BE9C31D5}.Release|Any CPU.Build.0 = Release|Any CPU
	EndGlobalSection
	GlobalSection(SolutionProperties) = preSolution
		HideSolutionNode = FALSE
	EndGlobalSection
	GlobalSection(ExtensibilityGlobals) = postSolution
		SolutionGuid = {09F3FA94-56E3-4B09-8984-2DD4A432B009}
	EndGlobalSection
EndGlobal
