
Microsoft Visual Studio Solution File, Format Version 12.00
# Visual Studio 15
VisualStudioVersion = 15.0.28307.168
MinimumVisualStudioVersion = 10.0.40219.1
Project("{FAE04EC0-301F-11D3-BF4B-00C04F79EFBC}") = "01. SchoolSupplies", "01. School Supplies\01. SchoolSupplies.csproj", "{96C2468C-3CAB-47AE-AA29-0E3E77E23F1B}"
EndProject
Project("{FAE04EC0-301F-11D3-BF4B-00C04F79EFBC}") = "01. TrekkingEquipment", "01. Trekking equipment\01. TrekkingEquipment.csproj", "{D7B9F659-5C5F-438F-9296-094E8E0698B4}"
EndProject
Project("{FAE04EC0-301F-11D3-BF4B-00C04F79EFBC}") = "02. MountainRun", "02. Mountain Run\02. MountainRun.csproj", "{37FC0496-240A-40B4-A5D3-F54CEA89CC08}"
EndProject
Project("{FAE04EC0-301F-11D3-BF4B-00C04F79EFBC}") = "02. SchoolTrip", "02. School Trip\02. SchoolTrip.csproj", "{010E4D35-F4AC-431F-805C-15EBE4E0F028}"
EndProject
Project("{FAE04EC0-301F-11D3-BF4B-00C04F79EFBC}") = "03. EnergyBooster", "03. Energy Booster\03. EnergyBooster.csproj", "{1E0CFFD0-6028-4FB2-91E6-E40EF16900E6}"
EndProject
Project("{FAE04EC0-301F-11D3-BF4B-00C04F79EFBC}") = "03. SkiTrip", "03. Ski Trip\03. SkiTrip.csproj", "{7F5E2483-459E-4C02-8393-2D4217CE2A23}"
EndProject
Project("{FAE04EC0-301F-11D3-BF4B-00C04F79EFBC}") = "04. Everest", "04. Everest\04. Everest.csproj", "{143B6878-F1D3-4AB4-B925-7310469CA750}"
EndProject
Project("{FAE04EC0-301F-11D3-BF4B-00C04F79EFBC}") = "04. PuppyCare", "04. Puppy Care\04. PuppyCare.csproj", "{82E7EB2E-F4BA-4043-BDB1-370212FEC409}"
EndProject
Project("{FAE04EC0-301F-11D3-BF4B-00C04F79EFBC}") = "05. ProjectPrize", "05. Project Prize\05. ProjectPrize.csproj", "{E83CE382-5018-4F46-BA12-9B6DBDF439DB}"
EndProject
Project("{FAE04EC0-301F-11D3-BF4B-00C04F79EFBC}") = "05. TrekkingMania", "05. Trekking Mania\05. TrekkingMania.csproj", "{7E6EF190-F519-4311-96F0-76C3351EBA25}"
EndProject
Project("{FAE04EC0-301F-11D3-BF4B-00C04F79EFBC}") = "06. MathPuzzle", "06. Math Puzzle\06. MathPuzzle.csproj", "{5EAC550F-BAF5-40BD-95E3-A6247BE8BCE3}"
EndProject
Project("{FAE04EC0-301F-11D3-BF4B-00C04F79EFBC}") = "06. SafePasswordsGenerator", "06. Safe Passwords Generator\06. SafePasswordsGenerator.csproj", "{742BF0DD-70A0-42E6-AEF1-15F02DBB4531}"
EndProject
Global
	GlobalSection(SolutionConfigurationPlatforms) = preSolution
		Debug|Any CPU = Debug|Any CPU
		Release|Any CPU = Release|Any CPU
	EndGlobalSection
	GlobalSection(ProjectConfigurationPlatforms) = postSolution
		{96C2468C-3CAB-47AE-AA29-0E3E77E23F1B}.Debug|Any CPU.ActiveCfg = Debug|Any CPU
		{96C2468C-3CAB-47AE-AA29-0E3E77E23F1B}.Debug|Any CPU.Build.0 = Debug|Any CPU
		{96C2468C-3CAB-47AE-AA29-0E3E77E23F1B}.Release|Any CPU.ActiveCfg = Release|Any CPU
		{96C2468C-3CAB-47AE-AA29-0E3E77E23F1B}.Release|Any CPU.Build.0 = Release|Any CPU
		{D7B9F659-5C5F-438F-9296-094E8E0698B4}.Debug|Any CPU.ActiveCfg = Debug|Any CPU
		{D7B9F659-5C5F-438F-9296-094E8E0698B4}.Debug|Any CPU.Build.0 = Debug|Any CPU
		{D7B9F659-5C5F-438F-9296-094E8E0698B4}.Release|Any CPU.ActiveCfg = Release|Any CPU
		{D7B9F659-5C5F-438F-9296-094E8E0698B4}.Release|Any CPU.Build.0 = Release|Any CPU
		{37FC0496-240A-40B4-A5D3-F54CEA89CC08}.Debug|Any CPU.ActiveCfg = Debug|Any CPU
		{37FC0496-240A-40B4-A5D3-F54CEA89CC08}.Debug|Any CPU.Build.0 = Debug|Any CPU
		{37FC0496-240A-40B4-A5D3-F54CEA89CC08}.Release|Any CPU.ActiveCfg = Release|Any CPU
		{37FC0496-240A-40B4-A5D3-F54CEA89CC08}.Release|Any CPU.Build.0 = Release|Any CPU
		{010E4D35-F4AC-431F-805C-15EBE4E0F028}.Debug|Any CPU.ActiveCfg = Debug|Any CPU
		{010E4D35-F4AC-431F-805C-15EBE4E0F028}.Debug|Any CPU.Build.0 = Debug|Any CPU
		{010E4D35-F4AC-431F-805C-15EBE4E0F028}.Release|Any CPU.ActiveCfg = Release|Any CPU
		{010E4D35-F4AC-431F-805C-15EBE4E0F028}.Release|Any CPU.Build.0 = Release|Any CPU
		{1E0CFFD0-6028-4FB2-91E6-E40EF16900E6}.Debug|Any CPU.ActiveCfg = Debug|Any CPU
		{1E0CFFD0-6028-4FB2-91E6-E40EF16900E6}.Debug|Any CPU.Build.0 = Debug|Any CPU
		{1E0CFFD0-6028-4FB2-91E6-E40EF16900E6}.Release|Any CPU.ActiveCfg = Release|Any CPU
		{1E0CFFD0-6028-4FB2-91E6-E40EF16900E6}.Release|Any CPU.Build.0 = Release|Any CPU
		{7F5E2483-459E-4C02-8393-2D4217CE2A23}.Debug|Any CPU.ActiveCfg = Debug|Any CPU
		{7F5E2483-459E-4C02-8393-2D4217CE2A23}.Debug|Any CPU.Build.0 = Debug|Any CPU
		{7F5E2483-459E-4C02-8393-2D4217CE2A23}.Release|Any CPU.ActiveCfg = Release|Any CPU
		{7F5E2483-459E-4C02-8393-2D4217CE2A23}.Release|Any CPU.Build.0 = Release|Any CPU
		{143B6878-F1D3-4AB4-B925-7310469CA750}.Debug|Any CPU.ActiveCfg = Debug|Any CPU
		{143B6878-F1D3-4AB4-B925-7310469CA750}.Debug|Any CPU.Build.0 = Debug|Any CPU
		{143B6878-F1D3-4AB4-B925-7310469CA750}.Release|Any CPU.ActiveCfg = Release|Any CPU
		{143B6878-F1D3-4AB4-B925-7310469CA750}.Release|Any CPU.Build.0 = Release|Any CPU
		{82E7EB2E-F4BA-4043-BDB1-370212FEC409}.Debug|Any CPU.ActiveCfg = Debug|Any CPU
		{82E7EB2E-F4BA-4043-BDB1-370212FEC409}.Debug|Any CPU.Build.0 = Debug|Any CPU
		{82E7EB2E-F4BA-4043-BDB1-370212FEC409}.Release|Any CPU.ActiveCfg = Release|Any CPU
		{82E7EB2E-F4BA-4043-BDB1-370212FEC409}.Release|Any CPU.Build.0 = Release|Any CPU
		{E83CE382-5018-4F46-BA12-9B6DBDF439DB}.Debug|Any CPU.ActiveCfg = Debug|Any CPU
		{E83CE382-5018-4F46-BA12-9B6DBDF439DB}.Debug|Any CPU.Build.0 = Debug|Any CPU
		{E83CE382-5018-4F46-BA12-9B6DBDF439DB}.Release|Any CPU.ActiveCfg = Release|Any CPU
		{E83CE382-5018-4F46-BA12-9B6DBDF439DB}.Release|Any CPU.Build.0 = Release|Any CPU
		{7E6EF190-F519-4311-96F0-76C3351EBA25}.Debug|Any CPU.ActiveCfg = Debug|Any CPU
		{7E6EF190-F519-4311-96F0-76C3351EBA25}.Debug|Any CPU.Build.0 = Debug|Any CPU
		{7E6EF190-F519-4311-96F0-76C3351EBA25}.Release|Any CPU.ActiveCfg = Release|Any CPU
		{7E6EF190-F519-4311-96F0-76C3351EBA25}.Release|Any CPU.Build.0 = Release|Any CPU
		{5EAC550F-BAF5-40BD-95E3-A6247BE8BCE3}.Debug|Any CPU.ActiveCfg = Debug|Any CPU
		{5EAC550F-BAF5-40BD-95E3-A6247BE8BCE3}.Debug|Any CPU.Build.0 = Debug|Any CPU
		{5EAC550F-BAF5-40BD-95E3-A6247BE8BCE3}.Release|Any CPU.ActiveCfg = Release|Any CPU
		{5EAC550F-BAF5-40BD-95E3-A6247BE8BCE3}.Release|Any CPU.Build.0 = Release|Any CPU
		{742BF0DD-70A0-42E6-AEF1-15F02DBB4531}.Debug|Any CPU.ActiveCfg = Debug|Any CPU
		{742BF0DD-70A0-42E6-AEF1-15F02DBB4531}.Debug|Any CPU.Build.0 = Debug|Any CPU
		{742BF0DD-70A0-42E6-AEF1-15F02DBB4531}.Release|Any CPU.ActiveCfg = Release|Any CPU
		{742BF0DD-70A0-42E6-AEF1-15F02DBB4531}.Release|Any CPU.Build.0 = Release|Any CPU
	EndGlobalSection
	GlobalSection(SolutionProperties) = preSolution
		HideSolutionNode = FALSE
	EndGlobalSection
	GlobalSection(ExtensibilityGlobals) = postSolution
		SolutionGuid = {7D669528-4BD1-45A7-B154-67D9D6F0ABBF}
	EndGlobalSection
EndGlobal
