
Microsoft Visual Studio Solution File, Format Version 12.00
# Visual Studio 15
VisualStudioVersion = 15.0.28307.168
MinimumVisualStudioVersion = 10.0.40219.1
Project("{FAE04EC0-301F-11D3-BF4B-00C04F79EFBC}") = "01. TripToWorldCup", "01. Trip To World Cup\01. TripToWorldCup.csproj", "{24EC64CF-B0D8-4F00-9933-6178A1A7DA0C}"
EndProject
Project("{FAE04EC0-301F-11D3-BF4B-00C04F79EFBC}") = "02. FootballKit", "02. Football Kit\02. FootballKit.csproj", "{424BE288-7732-4574-8484-1FB2C61332C6}"
EndProject
Project("{FAE04EC0-301F-11D3-BF4B-00C04F79EFBC}") = "03. GameStatistics", "03. Game Statistics\03. GameStatistics.csproj", "{4A40E2DD-2D25-4FE9-9138-84873B931F65}"
EndProject
Project("{FAE04EC0-301F-11D3-BF4B-00C04F79EFBC}") = "04. GroupStage", "04. Group Stage\04. GroupStage.csproj", "{C2457A58-8E74-4402-9C11-F02CFAED3672}"
EndProject
Project("{FAE04EC0-301F-11D3-BF4B-00C04F79EFBC}") = "05. GameInfo", "05. Game Info\05. GameInfo.csproj", "{BB589830-3331-47AF-98B4-AE1DE95D1FBA}"
EndProject
Project("{FAE04EC0-301F-11D3-BF4B-00C04F79EFBC}") = "06. Substitute", "06. Substitute\06. Substitute.csproj", "{ED25D6E6-35E5-4CC0-A275-EAD028AFE29E}"
EndProject
Global
	GlobalSection(SolutionConfigurationPlatforms) = preSolution
		Debug|Any CPU = Debug|Any CPU
		Release|Any CPU = Release|Any CPU
	EndGlobalSection
	GlobalSection(ProjectConfigurationPlatforms) = postSolution
		{24EC64CF-B0D8-4F00-9933-6178A1A7DA0C}.Debug|Any CPU.ActiveCfg = Debug|Any CPU
		{24EC64CF-B0D8-4F00-9933-6178A1A7DA0C}.Debug|Any CPU.Build.0 = Debug|Any CPU
		{24EC64CF-B0D8-4F00-9933-6178A1A7DA0C}.Release|Any CPU.ActiveCfg = Release|Any CPU
		{24EC64CF-B0D8-4F00-9933-6178A1A7DA0C}.Release|Any CPU.Build.0 = Release|Any CPU
		{424BE288-7732-4574-8484-1FB2C61332C6}.Debug|Any CPU.ActiveCfg = Debug|Any CPU
		{424BE288-7732-4574-8484-1FB2C61332C6}.Debug|Any CPU.Build.0 = Debug|Any CPU
		{424BE288-7732-4574-8484-1FB2C61332C6}.Release|Any CPU.ActiveCfg = Release|Any CPU
		{424BE288-7732-4574-8484-1FB2C61332C6}.Release|Any CPU.Build.0 = Release|Any CPU
		{4A40E2DD-2D25-4FE9-9138-84873B931F65}.Debug|Any CPU.ActiveCfg = Debug|Any CPU
		{4A40E2DD-2D25-4FE9-9138-84873B931F65}.Debug|Any CPU.Build.0 = Debug|Any CPU
		{4A40E2DD-2D25-4FE9-9138-84873B931F65}.Release|Any CPU.ActiveCfg = Release|Any CPU
		{4A40E2DD-2D25-4FE9-9138-84873B931F65}.Release|Any CPU.Build.0 = Release|Any CPU
		{C2457A58-8E74-4402-9C11-F02CFAED3672}.Debug|Any CPU.ActiveCfg = Debug|Any CPU
		{C2457A58-8E74-4402-9C11-F02CFAED3672}.Debug|Any CPU.Build.0 = Debug|Any CPU
		{C2457A58-8E74-4402-9C11-F02CFAED3672}.Release|Any CPU.ActiveCfg = Release|Any CPU
		{C2457A58-8E74-4402-9C11-F02CFAED3672}.Release|Any CPU.Build.0 = Release|Any CPU
		{BB589830-3331-47AF-98B4-AE1DE95D1FBA}.Debug|Any CPU.ActiveCfg = Debug|Any CPU
		{BB589830-3331-47AF-98B4-AE1DE95D1FBA}.Debug|Any CPU.Build.0 = Debug|Any CPU
		{BB589830-3331-47AF-98B4-AE1DE95D1FBA}.Release|Any CPU.ActiveCfg = Release|Any CPU
		{BB589830-3331-47AF-98B4-AE1DE95D1FBA}.Release|Any CPU.Build.0 = Release|Any CPU
		{ED25D6E6-35E5-4CC0-A275-EAD028AFE29E}.Debug|Any CPU.ActiveCfg = Debug|Any CPU
		{ED25D6E6-35E5-4CC0-A275-EAD028AFE29E}.Debug|Any CPU.Build.0 = Debug|Any CPU
		{ED25D6E6-35E5-4CC0-A275-EAD028AFE29E}.Release|Any CPU.ActiveCfg = Release|Any CPU
		{ED25D6E6-35E5-4CC0-A275-EAD028AFE29E}.Release|Any CPU.Build.0 = Release|Any CPU
	EndGlobalSection
	GlobalSection(SolutionProperties) = preSolution
		HideSolutionNode = FALSE
	EndGlobalSection
	GlobalSection(ExtensibilityGlobals) = postSolution
		SolutionGuid = {3122DE7B-01CD-41D5-A88F-6604D7DB7367}
	EndGlobalSection
EndGlobal
